
Microsoft Visual Studio Solution File, Format Version 12.00
# Visual Studio Version 17
VisualStudioVersion = 17.5.002.0
MinimumVisualStudioVersion = 10.0.40219.1
Project("{9A19103F-16F7-4668-BE54-9A1E7A4F7556}") = "SharpPad", "SharpPad.csproj", "{A0F063F7-9C95-4C8C-B705-178E94F3C00E}"
EndProject
Global
	GlobalSection(SolutionConfigurationPlatforms) = preSolution
		Debug|Any CPU = Debug|Any CPU
		Release|Any CPU = Release|Any CPU
	EndGlobalSection
	GlobalSection(ProjectConfigurationPlatforms) = postSolution
		{A0F063F7-9C95-4C8C-B705-178E94F3C00E}.Debug|Any CPU.ActiveCfg = Debug|Any CPU
		{A0F063F7-9C95-4C8C-B705-178E94F3C00E}.Debug|Any CPU.Build.0 = Debug|Any CPU
		{A0F063F7-9C95-4C8C-B705-178E94F3C00E}.Release|Any CPU.ActiveCfg = Release|Any CPU
		{A0F063F7-9C95-4C8C-B705-178E94F3C00E}.Release|Any CPU.Build.0 = Release|Any CPU
	EndGlobalSection
	GlobalSection(SolutionProperties) = preSolution
		HideSolutionNode = FALSE
	EndGlobalSection
	GlobalSection(ExtensibilityGlobals) = postSolution
		SolutionGuid = {414DF318-4C49-45F8-98F4-5777FC0BE024}
	EndGlobalSection
EndGlobal
